
Microsoft Visual Studio Solution File, Format Version 12.00
# Visual Studio Version 17
VisualStudioVersion = 17.3.32819.101
MinimumVisualStudioVersion = 10.0.40219.1
Project("{FAE04EC0-301F-11D3-BF4B-00C04F79EFBC}") = "Library_Management_System", "Library_Management_System\Library_Management_System.csproj", "{AF4B47E2-AD54-44C4-AE83-74BF7CAB7B2D}"
EndProject
Global
	GlobalSection(SolutionConfigurationPlatforms) = preSolution
		Debug|Any CPU = Debug|Any CPU
		Release|Any CPU = Release|Any CPU
	EndGlobalSection
	GlobalSection(ProjectConfigurationPlatforms) = postSolution
		{AF4B47E2-AD54-44C4-AE83-74BF7CAB7B2D}.Debug|Any CPU.ActiveCfg = Debug|Any CPU
		{AF4B47E2-AD54-44C4-AE83-74BF7CAB7B2D}.Debug|Any CPU.Build.0 = Debug|Any CPU
		{AF4B47E2-AD54-44C4-AE83-74BF7CAB7B2D}.Release|Any CPU.ActiveCfg = Release|Any CPU
		{AF4B47E2-AD54-44C4-AE83-74BF7CAB7B2D}.Release|Any CPU.Build.0 = Release|Any CPU
	EndGlobalSection
	GlobalSection(SolutionProperties) = preSolution
		HideSolutionNode = FALSE
	EndGlobalSection
	GlobalSection(ExtensibilityGlobals) = postSolution
		SolutionGuid = {EB5A0069-ED10-4B79-93E5-9DD5C1D5BB4B}
	EndGlobalSection
EndGlobal
